
Microsoft Visual Studio Solution File, Format Version 12.00
# Visual Studio 2012
Project("{FAE04EC0-301F-11D3-BF4B-00C04F79EFBC}") = "odtwarzacz WPF", "odtwarzacz WPF\odtwarzacz WPF.csproj", "{2E108A4E-7391-419E-B230-7EBFC1898583}"
EndProject
Global
	GlobalSection(SolutionConfigurationPlatforms) = preSolution
		Debug|Any CPU = Debug|Any CPU
		Release|Any CPU = Release|Any CPU
	EndGlobalSection
	GlobalSection(ProjectConfigurationPlatforms) = postSolution
		{2E108A4E-7391-419E-B230-7EBFC1898583}.Debug|Any CPU.ActiveCfg = Debug|Any CPU
		{2E108A4E-7391-419E-B230-7EBFC1898583}.Debug|Any CPU.Build.0 = Debug|Any CPU
		{2E108A4E-7391-419E-B230-7EBFC1898583}.Release|Any CPU.ActiveCfg = Release|Any CPU
		{2E108A4E-7391-419E-B230-7EBFC1898583}.Release|Any CPU.Build.0 = Release|Any CPU
	EndGlobalSection
	GlobalSection(SolutionProperties) = preSolution
		HideSolutionNode = FALSE
	EndGlobalSection
EndGlobal
